// !$*UTF8*$!
{
	archiveVersion = 1;
	classes = {
	};
	objectVersion = 55;
	objects = {

/* Begin PBXBuildFile section */
		7F428D2626D747B500A776FB /* Buttons.swift in Sources */ = {isa = PBXBuildFile; fileRef = 7F428D2526D747B500A776FB /* Buttons.swift */; };
		7F577ACC26B50C11001CF53B /* AppDelegate.swift in Sources */ = {isa = PBXBuildFile; fileRef = 7F577ACB26B50C11001CF53B /* AppDelegate.swift */; };
		7F577ACE26B50C11001CF53B /* SceneDelegate.swift in Sources */ = {isa = PBXBuildFile; fileRef = 7F577ACD26B50C11001CF53B /* SceneDelegate.swift */; };
		7F577AD026B50C11001CF53B /* ViewController.swift in Sources */ = {isa = PBXBuildFile; fileRef = 7F577ACF26B50C11001CF53B /* ViewController.swift */; };
		7F577AD326B50C11001CF53B /* Main.storyboard in Resources */ = {isa = PBXBuildFile; fileRef = 7F577AD126B50C11001CF53B /* Main.storyboard */; };
		7F577AD626B50C11001CF53B /* VisionText.xcdatamodeld in Sources */ = {isa = PBXBuildFile; fileRef = 7F577AD426B50C11001CF53B /* VisionText.xcdatamodeld */; };
		7F577AD826B50C12001CF53B /* Assets.xcassets in Resources */ = {isa = PBXBuildFile; fileRef = 7F577AD726B50C12001CF53B /* Assets.xcassets */; };
		7F577ADB26B50C12001CF53B /* LaunchScreen.storyboard in Resources */ = {isa = PBXBuildFile; fileRef = 7F577AD926B50C12001CF53B /* LaunchScreen.storyboard */; };
		7F577AE426B50C83001CF53B /* DocumentTableViewCell.swift in Sources */ = {isa = PBXBuildFile; fileRef = 7F577AE226B50C83001CF53B /* DocumentTableViewCell.swift */; };
		7F577AE526B50C83001CF53B /* DocumentTableViewCell.xib in Resources */ = {isa = PBXBuildFile; fileRef = 7F577AE326B50C83001CF53B /* DocumentTableViewCell.xib */; };
		7F577AE726B50D99001CF53B /* Documents.swift in Sources */ = {isa = PBXBuildFile; fileRef = 7F577AE626B50D99001CF53B /* Documents.swift */; };
		7F577AEA26B50E0C001CF53B /* AllDocsViewController.swift in Sources */ = {isa = PBXBuildFile; fileRef = 7F577AE926B50E0C001CF53B /* AllDocsViewController.swift */; };
		7F577AEC26B50E4F001CF53B /* StarredDocsViewController.swift in Sources */ = {isa = PBXBuildFile; fileRef = 7F577AEB26B50E4F001CF53B /* StarredDocsViewController.swift */; };
		7F577AEE26B50EA4001CF53B /* SearchDocsViewController.swift in Sources */ = {isa = PBXBuildFile; fileRef = 7F577AED26B50EA4001CF53B /* SearchDocsViewController.swift */; };
		7F577AF026B50EE4001CF53B /* SidebarViewController.swift in Sources */ = {isa = PBXBuildFile; fileRef = 7F577AEF26B50EE4001CF53B /* SidebarViewController.swift */; };
		7F577AF226B50F17001CF53B /* TabBarController.swift in Sources */ = {isa = PBXBuildFile; fileRef = 7F577AF126B50F17001CF53B /* TabBarController.swift */; };
		7F577AF426B50F3E001CF53B /* MenuBar.swift in Sources */ = {isa = PBXBuildFile; fileRef = 7F577AF326B50F3E001CF53B /* MenuBar.swift */; };
		7F577AF826B50F94001CF53B /* GlobalVariables.swift in Sources */ = {isa = PBXBuildFile; fileRef = 7F577AF726B50F94001CF53B /* GlobalVariables.swift */; };
		7F577AFC26B50FE1001CF53B /* recognizedTextViewController.swift in Sources */ = {isa = PBXBuildFile; fileRef = 7F577AFB26B50FE1001CF53B /* recognizedTextViewController.swift */; };
		7F577AFE26B50FF8001CF53B /* soundSettingsViewController.swift in Sources */ = {isa = PBXBuildFile; fileRef = 7F577AFD26B50FF8001CF53B /* soundSettingsViewController.swift */; };
		7F577B0226B51C24001CF53B /* ScannedImageViewController.swift in Sources */ = {isa = PBXBuildFile; fileRef = 7F577B0126B51C24001CF53B /* ScannedImageViewController.swift */; };
		7F89443C26F62D16000AF308 /* recognizedTextSceneDelegate.swift in Sources */ = {isa = PBXBuildFile; fileRef = 7F89443B26F62D16000AF308 /* recognizedTextSceneDelegate.swift */; };
		7F89444026F6EDC2000AF308 /* SoundSettingsSceneDelegate.swift in Sources */ = {isa = PBXBuildFile; fileRef = 7F89443F26F6EDC2000AF308 /* SoundSettingsSceneDelegate.swift */; };
		7F89444E26F9B30D000AF308 /* Sources.swift in Sources */ = {isa = PBXBuildFile; fileRef = 7F89444D26F9B30D000AF308 /* Sources.swift */; };
/* End PBXBuildFile section */

/* Begin PBXFileReference section */
		7F428D2526D747B500A776FB /* Buttons.swift */ = {isa = PBXFileReference; lastKnownFileType = sourcecode.swift; path = Buttons.swift; sourceTree = "<group>"; };
		7F577AC826B50C11001CF53B /* VisionText.app */ = {isa = PBXFileReference; explicitFileType = wrapper.application; includeInIndex = 0; path = VisionText.app; sourceTree = BUILT_PRODUCTS_DIR; };
		7F577ACB26B50C11001CF53B /* AppDelegate.swift */ = {isa = PBXFileReference; lastKnownFileType = sourcecode.swift; path = AppDelegate.swift; sourceTree = "<group>"; };
		7F577ACD26B50C11001CF53B /* SceneDelegate.swift */ = {isa = PBXFileReference; lastKnownFileType = sourcecode.swift; path = SceneDelegate.swift; sourceTree = "<group>"; };
		7F577ACF26B50C11001CF53B /* ViewController.swift */ = {isa = PBXFileReference; lastKnownFileType = sourcecode.swift; path = ViewController.swift; sourceTree = "<group>"; };
		7F577AD226B50C11001CF53B /* Base */ = {isa = PBXFileReference; lastKnownFileType = file.storyboard; name = Base; path = Base.lproj/Main.storyboard; sourceTree = "<group>"; };
		7F577AD526B50C11001CF53B /* VisionText.xcdatamodel */ = {isa = PBXFileReference; lastKnownFileType = wrapper.xcdatamodel; path = VisionText.xcdatamodel; sourceTree = "<group>"; };
		7F577AD726B50C12001CF53B /* Assets.xcassets */ = {isa = PBXFileReference; lastKnownFileType = folder.assetcatalog; path = Assets.xcassets; sourceTree = "<group>"; };
		7F577ADA26B50C12001CF53B /* Base */ = {isa = PBXFileReference; lastKnownFileType = file.storyboard; name = Base; path = Base.lproj/LaunchScreen.storyboard; sourceTree = "<group>"; };
		7F577ADC26B50C12001CF53B /* Info.plist */ = {isa = PBXFileReference; lastKnownFileType = text.plist.xml; path = Info.plist; sourceTree = "<group>"; };
		7F577AE226B50C83001CF53B /* DocumentTableViewCell.swift */ = {isa = PBXFileReference; lastKnownFileType = sourcecode.swift; path = DocumentTableViewCell.swift; sourceTree = "<group>"; };
		7F577AE326B50C83001CF53B /* DocumentTableViewCell.xib */ = {isa = PBXFileReference; lastKnownFileType = file.xib; path = DocumentTableViewCell.xib; sourceTree = "<group>"; };
		7F577AE626B50D99001CF53B /* Documents.swift */ = {isa = PBXFileReference; lastKnownFileType = sourcecode.swift; path = Documents.swift; sourceTree = "<group>"; };
		7F577AE926B50E0C001CF53B /* AllDocsViewController.swift */ = {isa = PBXFileReference; lastKnownFileType = sourcecode.swift; path = AllDocsViewController.swift; sourceTree = "<group>"; };
		7F577AEB26B50E4F001CF53B /* StarredDocsViewController.swift */ = {isa = PBXFileReference; lastKnownFileType = sourcecode.swift; path = StarredDocsViewController.swift; sourceTree = "<group>"; };
		7F577AED26B50EA4001CF53B /* SearchDocsViewController.swift */ = {isa = PBXFileReference; lastKnownFileType = sourcecode.swift; path = SearchDocsViewController.swift; sourceTree = "<group>"; };
		7F577AEF26B50EE4001CF53B /* SidebarViewController.swift */ = {isa = PBXFileReference; lastKnownFileType = sourcecode.swift; path = SidebarViewController.swift; sourceTree = "<group>"; };
		7F577AF126B50F17001CF53B /* TabBarController.swift */ = {isa = PBXFileReference; lastKnownFileType = sourcecode.swift; path = TabBarController.swift; sourceTree = "<group>"; };
		7F577AF326B50F3E001CF53B /* MenuBar.swift */ = {isa = PBXFileReference; lastKnownFileType = sourcecode.swift; path = MenuBar.swift; sourceTree = "<group>"; };
		7F577AF726B50F94001CF53B /* GlobalVariables.swift */ = {isa = PBXFileReference; lastKnownFileType = sourcecode.swift; path = GlobalVariables.swift; sourceTree = "<group>"; };
		7F577AFB26B50FE1001CF53B /* recognizedTextViewController.swift */ = {isa = PBXFileReference; lastKnownFileType = sourcecode.swift; name = recognizedTextViewController.swift; path = "/Users/jared/Desktop/XcodeProjects/VisionText/VisionText/View Controllers/recognizedTextViewController.swift"; sourceTree = "<absolute>"; };
		7F577AFD26B50FF8001CF53B /* soundSettingsViewController.swift */ = {isa = PBXFileReference; lastKnownFileType = sourcecode.swift; name = soundSettingsViewController.swift; path = "/Users/jared/Desktop/XcodeProjects/VisionText/VisionText/View Controllers/soundSettingsViewController.swift"; sourceTree = "<absolute>"; };
		7F577B0126B51C24001CF53B /* ScannedImageViewController.swift */ = {isa = PBXFileReference; lastKnownFileType = sourcecode.swift; name = ScannedImageViewController.swift; path = "/Users/jared/Desktop/XcodeProjects/VisionText/VisionText/View Controllers/../../ScannedImageViewController.swift"; sourceTree = "<absolute>"; };
		7F89443B26F62D16000AF308 /* recognizedTextSceneDelegate.swift */ = {isa = PBXFileReference; lastKnownFileType = sourcecode.swift; path = recognizedTextSceneDelegate.swift; sourceTree = "<group>"; };
		7F89443F26F6EDC2000AF308 /* SoundSettingsSceneDelegate.swift */ = {isa = PBXFileReference; lastKnownFileType = sourcecode.swift; path = SoundSettingsSceneDelegate.swift; sourceTree = "<group>"; };
		7F89444D26F9B30D000AF308 /* Sources.swift */ = {isa = PBXFileReference; lastKnownFileType = sourcecode.swift; path = Sources.swift; sourceTree = "<group>"; };
		7FD9361326B70AB7009123ED /* VisionText.entitlements */ = {isa = PBXFileReference; lastKnownFileType = text.plist.entitlements; path = VisionText.entitlements; sourceTree = "<group>"; };
/* End PBXFileReference section */

/* Begin PBXFrameworksBuildPhase section */
		7F577AC526B50C11001CF53B /* Frameworks */ = {
			isa = PBXFrameworksBuildPhase;
			buildActionMask = 2147483647;
			files = (
			);
			runOnlyForDeploymentPostprocessing = 0;
		};
/* End PBXFrameworksBuildPhase section */

/* Begin PBXGroup section */
		7F577ABF26B50C11001CF53B = {
			isa = PBXGroup;
			children = (
				7F577ACA26B50C11001CF53B /* VisionText */,
				7F577AC926B50C11001CF53B /* Products */,
			);
			sourceTree = "<group>";
		};
		7F577AC926B50C11001CF53B /* Products */ = {
			isa = PBXGroup;
			children = (
				7F577AC826B50C11001CF53B /* VisionText.app */,
			);
			name = Products;
			sourceTree = "<group>";
		};
		7F577ACA26B50C11001CF53B /* VisionText */ = {
			isa = PBXGroup;
			children = (
				7FD9361326B70AB7009123ED /* VisionText.entitlements */,
				7F577ACB26B50C11001CF53B /* AppDelegate.swift */,
				7F577AF726B50F94001CF53B /* GlobalVariables.swift */,
				7F577ACF26B50C11001CF53B /* ViewController.swift */,
				7F577AD126B50C11001CF53B /* Main.storyboard */,
				7F577B0026B51955001CF53B /* Mac */,
				7F577AFF26B5191F001CF53B /* View Controllers */,
				7F577AE826B50DAD001CF53B /* Model */,
				7F577AD726B50C12001CF53B /* Assets.xcassets */,
				7F577AD926B50C12001CF53B /* LaunchScreen.storyboard */,
				7F577ADC26B50C12001CF53B /* Info.plist */,
				7F577AD426B50C11001CF53B /* VisionText.xcdatamodeld */,
			);
			path = VisionText;
			sourceTree = "<group>";
		};
		7F577AE826B50DAD001CF53B /* Model */ = {
			isa = PBXGroup;
			children = (
				7F577AE226B50C83001CF53B /* DocumentTableViewCell.swift */,
				7F577AE326B50C83001CF53B /* DocumentTableViewCell.xib */,
				7F577AE626B50D99001CF53B /* Documents.swift */,
				7F89444D26F9B30D000AF308 /* Sources.swift */,
			);
			path = Model;
			sourceTree = "<group>";
		};
		7F577AFF26B5191F001CF53B /* View Controllers */ = {
			isa = PBXGroup;
			children = (
				7F577B0126B51C24001CF53B /* ScannedImageViewController.swift */,
				7F577AFB26B50FE1001CF53B /* recognizedTextViewController.swift */,
				7F428D2526D747B500A776FB /* Buttons.swift */,
				7F577AFD26B50FF8001CF53B /* soundSettingsViewController.swift */,
				7F577AE926B50E0C001CF53B /* AllDocsViewController.swift */,
				7F577AF126B50F17001CF53B /* TabBarController.swift */,
				7F577AEB26B50E4F001CF53B /* StarredDocsViewController.swift */,
				7F577AED26B50EA4001CF53B /* SearchDocsViewController.swift */,
				7F577AEF26B50EE4001CF53B /* SidebarViewController.swift */,
			);
			path = "View Controllers";
			sourceTree = "<group>";
		};
		7F577B0026B51955001CF53B /* Mac */ = {
			isa = PBXGroup;
			children = (
				7F89444426F70826000AF308 /* Scene Delegates */,
				7F577AF326B50F3E001CF53B /* MenuBar.swift */,
			);
			path = Mac;
			sourceTree = "<group>";
		};
		7F89444426F70826000AF308 /* Scene Delegates */ = {
			isa = PBXGroup;
			children = (
				7F577ACD26B50C11001CF53B /* SceneDelegate.swift */,
				7F89443B26F62D16000AF308 /* recognizedTextSceneDelegate.swift */,
				7F89443F26F6EDC2000AF308 /* SoundSettingsSceneDelegate.swift */,
			);
			path = "Scene Delegates";
			sourceTree = "<group>";
		};
/* End PBXGroup section */

/* Begin PBXNativeTarget section */
		7F577AC726B50C11001CF53B /* VisionText */ = {
			isa = PBXNativeTarget;
			buildConfigurationList = 7F577ADF26B50C12001CF53B /* Build configuration list for PBXNativeTarget "VisionText" */;
			buildPhases = (
				7F577AC426B50C11001CF53B /* Sources */,
				7F577AC526B50C11001CF53B /* Frameworks */,
				7F577AC626B50C11001CF53B /* Resources */,
			);
			buildRules = (
			);
			dependencies = (
			);
			name = VisionText;
			productName = VisionText;
			productReference = 7F577AC826B50C11001CF53B /* VisionText.app */;
			productType = "com.apple.product-type.application";
		};
/* End PBXNativeTarget section */

/* Begin PBXProject section */
		7F577AC026B50C11001CF53B /* Project object */ = {
			isa = PBXProject;
			attributes = {
				BuildIndependentTargetsInParallel = 1;
				LastSwiftUpdateCheck = 1300;
				LastUpgradeCheck = 1300;
				TargetAttributes = {
					7F577AC726B50C11001CF53B = {
						CreatedOnToolsVersion = 13.0;
					};
				};
			};
			buildConfigurationList = 7F577AC326B50C11001CF53B /* Build configuration list for PBXProject "VisionText" */;
			compatibilityVersion = "Xcode 13.0";
			developmentRegion = en;
			hasScannedForEncodings = 0;
			knownRegions = (
				en,
				Base,
			);
			mainGroup = 7F577ABF26B50C11001CF53B;
			productRefGroup = 7F577AC926B50C11001CF53B /* Products */;
			projectDirPath = "";
			projectRoot = "";
			targets = (
				7F577AC726B50C11001CF53B /* VisionText */,
			);
		};
/* End PBXProject section */

/* Begin PBXResourcesBuildPhase section */
		7F577AC626B50C11001CF53B /* Resources */ = {
			isa = PBXResourcesBuildPhase;
			buildActionMask = 2147483647;
			files = (
				7F577AE526B50C83001CF53B /* DocumentTableViewCell.xib in Resources */,
				7F577ADB26B50C12001CF53B /* LaunchScreen.storyboard in Resources */,
				7F577AD826B50C12001CF53B /* Assets.xcassets in Resources */,
				7F577AD326B50C11001CF53B /* Main.storyboard in Resources */,
			);
			runOnlyForDeploymentPostprocessing = 0;
		};
/* End PBXResourcesBuildPhase section */

/* Begin PBXSourcesBuildPhase section */
		7F577AC426B50C11001CF53B /* Sources */ = {
			isa = PBXSourcesBuildPhase;
			buildActionMask = 2147483647;
			files = (
				7F577AD626B50C11001CF53B /* VisionText.xcdatamodeld in Sources */,
				7F577AEE26B50EA4001CF53B /* SearchDocsViewController.swift in Sources */,
				7F577AF426B50F3E001CF53B /* MenuBar.swift in Sources */,
				7F577AF226B50F17001CF53B /* TabBarController.swift in Sources */,
				7F89443C26F62D16000AF308 /* recognizedTextSceneDelegate.swift in Sources */,
				7F577AF826B50F94001CF53B /* GlobalVariables.swift in Sources */,
				7F577AE426B50C83001CF53B /* DocumentTableViewCell.swift in Sources */,
				7F89444026F6EDC2000AF308 /* SoundSettingsSceneDelegate.swift in Sources */,
				7F577AFC26B50FE1001CF53B /* recognizedTextViewController.swift in Sources */,
				7F577AEA26B50E0C001CF53B /* AllDocsViewController.swift in Sources */,
				7F428D2626D747B500A776FB /* Buttons.swift in Sources */,
				7F577AD026B50C11001CF53B /* ViewController.swift in Sources */,
				7F577AF026B50EE4001CF53B /* SidebarViewController.swift in Sources */,
				7F577ACC26B50C11001CF53B /* AppDelegate.swift in Sources */,
				7F577AE726B50D99001CF53B /* Documents.swift in Sources */,
				7F577ACE26B50C11001CF53B /* SceneDelegate.swift in Sources */,
				7F89444E26F9B30D000AF308 /* Sources.swift in Sources */,
				7F577AFE26B50FF8001CF53B /* soundSettingsViewController.swift in Sources */,
				7F577AEC26B50E4F001CF53B /* StarredDocsViewController.swift in Sources */,
				7F577B0226B51C24001CF53B /* ScannedImageViewController.swift in Sources */,
			);
			runOnlyForDeploymentPostprocessing = 0;
		};
/* End PBXSourcesBuildPhase section */

/* Begin PBXVariantGroup section */
		7F577AD126B50C11001CF53B /* Main.storyboard */ = {
			isa = PBXVariantGroup;
			children = (
				7F577AD226B50C11001CF53B /* Base */,
			);
			name = Main.storyboard;
			sourceTree = "<group>";
		};
		7F577AD926B50C12001CF53B /* LaunchScreen.storyboard */ = {
			isa = PBXVariantGroup;
			children = (
				7F577ADA26B50C12001CF53B /* Base */,
			);
			name = LaunchScreen.storyboard;
			sourceTree = "<group>";
		};
/* End PBXVariantGroup section */

/* Begin XCBuildConfiguration section */
		7F577ADD26B50C12001CF53B /* Debug */ = {
			isa = XCBuildConfiguration;
			buildSettings = {
				ALWAYS_SEARCH_USER_PATHS = NO;
				CLANG_ANALYZER_NONNULL = YES;
				CLANG_ANALYZER_NUMBER_OBJECT_CONVERSION = YES_AGGRESSIVE;
				CLANG_CXX_LANGUAGE_STANDARD = "gnu++14";
				CLANG_CXX_LIBRARY = "libc++";
				CLANG_ENABLE_MODULES = YES;
				CLANG_ENABLE_OBJC_ARC = YES;
				CLANG_ENABLE_OBJC_WEAK = YES;
				CLANG_WARN_BLOCK_CAPTURE_AUTORELEASING = YES;
				CLANG_WARN_BOOL_CONVERSION = YES;
				CLANG_WARN_COMMA = YES;
				CLANG_WARN_CONSTANT_CONVERSION = YES;
				CLANG_WARN_DEPRECATED_OBJC_IMPLEMENTATIONS = YES;
				CLANG_WARN_DIRECT_OBJC_ISA_USAGE = YES_ERROR;
				CLANG_WARN_DOCUMENTATION_COMMENTS = YES;
				CLANG_WARN_EMPTY_BODY = YES;
				CLANG_WARN_ENUM_CONVERSION = YES;
				CLANG_WARN_INFINITE_RECURSION = YES;
				CLANG_WARN_INT_CONVERSION = YES;
				CLANG_WARN_NON_LITERAL_NULL_CONVERSION = YES;
				CLANG_WARN_OBJC_IMPLICIT_RETAIN_SELF = YES;
				CLANG_WARN_OBJC_LITERAL_CONVERSION = YES;
				CLANG_WARN_OBJC_ROOT_CLASS = YES_ERROR;
				CLANG_WARN_QUOTED_INCLUDE_IN_FRAMEWORK_HEADER = YES;
				CLANG_WARN_RANGE_LOOP_ANALYSIS = YES;
				CLANG_WARN_STRICT_PROTOTYPES = YES;
				CLANG_WARN_SUSPICIOUS_MOVE = YES;
				CLANG_WARN_UNGUARDED_AVAILABILITY = YES_AGGRESSIVE;
				CLANG_WARN_UNREACHABLE_CODE = YES;
				CLANG_WARN__DUPLICATE_METHOD_MATCH = YES;
				COPY_PHASE_STRIP = NO;
				DEBUG_INFORMATION_FORMAT = dwarf;
				ENABLE_STRICT_OBJC_MSGSEND = YES;
				ENABLE_TESTABILITY = YES;
				GCC_C_LANGUAGE_STANDARD = gnu11;
				GCC_DYNAMIC_NO_PIC = NO;
				GCC_NO_COMMON_BLOCKS = YES;
				GCC_OPTIMIZATION_LEVEL = 0;
				GCC_PREPROCESSOR_DEFINITIONS = (
					"DEBUG=1",
					"$(inherited)",
				);
				GCC_WARN_64_TO_32_BIT_CONVERSION = YES;
				GCC_WARN_ABOUT_RETURN_TYPE = YES_ERROR;
				GCC_WARN_UNDECLARED_SELECTOR = YES;
				GCC_WARN_UNINITIALIZED_AUTOS = YES_AGGRESSIVE;
				GCC_WARN_UNUSED_FUNCTION = YES;
				GCC_WARN_UNUSED_VARIABLE = YES;
				IPHONEOS_DEPLOYMENT_TARGET = 15.0;
				MTL_ENABLE_DEBUG_INFO = INCLUDE_SOURCE;
				MTL_FAST_MATH = YES;
				ONLY_ACTIVE_ARCH = YES;
				SDKROOT = iphoneos;
				SWIFT_ACTIVE_COMPILATION_CONDITIONS = DEBUG;
				SWIFT_OPTIMIZATION_LEVEL = "-Onone";
			};
			name = Debug;
		};
		7F577ADE26B50C12001CF53B /* Release */ = {
			isa = XCBuildConfiguration;
			buildSettings = {
				ALWAYS_SEARCH_USER_PATHS = NO;
				CLANG_ANALYZER_NONNULL = YES;
				CLANG_ANALYZER_NUMBER_OBJECT_CONVERSION = YES_AGGRESSIVE;
				CLANG_CXX_LANGUAGE_STANDARD = "gnu++14";
				CLANG_CXX_LIBRARY = "libc++";
				CLANG_ENABLE_MODULES = YES;
				CLANG_ENABLE_OBJC_ARC = YES;
				CLANG_ENABLE_OBJC_WEAK = YES;
				CLANG_WARN_BLOCK_CAPTURE_AUTORELEASING = YES;
				CLANG_WARN_BOOL_CONVERSION = YES;
				CLANG_WARN_COMMA = YES;
				CLANG_WARN_CONSTANT_CONVERSION = YES;
				CLANG_WARN_DEPRECATED_OBJC_IMPLEMENTATIONS = YES;
				CLANG_WARN_DIRECT_OBJC_ISA_USAGE = YES_ERROR;
				CLANG_WARN_DOCUMENTATION_COMMENTS = YES;
				CLANG_WARN_EMPTY_BODY = YES;
				CLANG_WARN_ENUM_CONVERSION = YES;
				CLANG_WARN_INFINITE_RECURSION = YES;
				CLANG_WARN_INT_CONVERSION = YES;
				CLANG_WARN_NON_LITERAL_NULL_CONVERSION = YES;
				CLANG_WARN_OBJC_IMPLICIT_RETAIN_SELF = YES;
				CLANG_WARN_OBJC_LITERAL_CONVERSION = YES;
				CLANG_WARN_OBJC_ROOT_CLASS = YES_ERROR;
				CLANG_WARN_QUOTED_INCLUDE_IN_FRAMEWORK_HEADER = YES;
				CLANG_WARN_RANGE_LOOP_ANALYSIS = YES;
				CLANG_WARN_STRICT_PROTOTYPES = YES;
				CLANG_WARN_SUSPICIOUS_MOVE = YES;
				CLANG_WARN_UNGUARDED_AVAILABILITY = YES_AGGRESSIVE;
				CLANG_WARN_UNREACHABLE_CODE = YES;
				CLANG_WARN__DUPLICATE_METHOD_MATCH = YES;
				COPY_PHASE_STRIP = NO;
				DEBUG_INFORMATION_FORMAT = "dwarf-with-dsym";
				ENABLE_NS_ASSERTIONS = NO;
				ENABLE_STRICT_OBJC_MSGSEND = YES;
				GCC_C_LANGUAGE_STANDARD = gnu11;
				GCC_NO_COMMON_BLOCKS = YES;
				GCC_WARN_64_TO_32_BIT_CONVERSION = YES;
				GCC_WARN_ABOUT_RETURN_TYPE = YES_ERROR;
				GCC_WARN_UNDECLARED_SELECTOR = YES;
				GCC_WARN_UNINITIALIZED_AUTOS = YES_AGGRESSIVE;
				GCC_WARN_UNUSED_FUNCTION = YES;
				GCC_WARN_UNUSED_VARIABLE = YES;
				IPHONEOS_DEPLOYMENT_TARGET = 15.0;
				MTL_ENABLE_DEBUG_INFO = NO;
				MTL_FAST_MATH = YES;
				SDKROOT = iphoneos;
				SWIFT_COMPILATION_MODE = wholemodule;
				SWIFT_OPTIMIZATION_LEVEL = "-O";
				VALIDATE_PRODUCT = YES;
			};
			name = Release;
		};
		7F577AE026B50C12001CF53B /* Debug */ = {
			isa = XCBuildConfiguration;
			buildSettings = {
				ASSETCATALOG_COMPILER_APPICON_NAME = AppIcon;
				ASSETCATALOG_COMPILER_GLOBAL_ACCENT_COLOR_NAME = AccentColor;
				CODE_SIGN_ENTITLEMENTS = VisionText/VisionText.entitlements;
				CODE_SIGN_STYLE = Automatic;
				CURRENT_PROJECT_VERSION = 1;
				DEVELOPMENT_TEAM = 7UHNX49SSD;
				GENERATE_INFOPLIST_FILE = YES;
				INFOPLIST_FILE = VisionText/Info.plist;
				INFOPLIST_KEY_NSCameraUsageDescription = "This is used to scan documents and access the camera.";
				INFOPLIST_KEY_UIApplicationSupportsIndirectInputEvents = YES;
				INFOPLIST_KEY_UILaunchStoryboardName = LaunchScreen;
				INFOPLIST_KEY_UIMainStoryboardFile = Main;
				INFOPLIST_KEY_UISupportedInterfaceOrientations_iPad = "UIInterfaceOrientationPortrait UIInterfaceOrientationPortraitUpsideDown UIInterfaceOrientationLandscapeLeft UIInterfaceOrientationLandscapeRight";
				INFOPLIST_KEY_UISupportedInterfaceOrientations_iPhone = "UIInterfaceOrientationPortrait UIInterfaceOrientationLandscapeLeft UIInterfaceOrientationLandscapeRight";
				LD_RUNPATH_SEARCH_PATHS = (
					"$(inherited)",
					"@executable_path/Frameworks",
				);
				MARKETING_VERSION = 1.0;
				PRODUCT_BUNDLE_IDENTIFIER = com.jkozar.VisionText;
				PRODUCT_NAME = "$(TARGET_NAME)";
				SUPPORTS_MACCATALYST = YES;
				SWIFT_EMIT_LOC_STRINGS = YES;
				SWIFT_VERSION = 5.0;
				TARGETED_DEVICE_FAMILY = "1,2,6";
			};
			name = Debug;
		};
		7F577AE126B50C12001CF53B /* Release */ = {
			isa = XCBuildConfiguration;
			buildSettings = {
				ASSETCATALOG_COMPILER_APPICON_NAME = AppIcon;
				ASSETCATALOG_COMPILER_GLOBAL_ACCENT_COLOR_NAME = AccentColor;
				CODE_SIGN_ENTITLEMENTS = VisionText/VisionText.entitlements;
				CODE_SIGN_STYLE = Automatic;
				CURRENT_PROJECT_VERSION = 1;
				DEVELOPMENT_TEAM = 7UHNX49SSD;
				GENERATE_INFOPLIST_FILE = YES;
				INFOPLIST_FILE = VisionText/Info.plist;
				INFOPLIST_KEY_NSCameraUsageDescription = "This is used to scan documents and access the camera.";
				INFOPLIST_KEY_UIApplicationSupportsIndirectInputEvents = YES;
				INFOPLIST_KEY_UILaunchStoryboardName = LaunchScreen;
				INFOPLIST_KEY_UIMainStoryboardFile = Main;
				INFOPLIST_KEY_UISupportedInterfaceOrientations_iPad = "UIInterfaceOrientationPortrait UIInterfaceOrientationPortraitUpsideDown UIInterfaceOrientationLandscapeLeft UIInterfaceOrientationLandscapeRight";
				INFOPLIST_KEY_UISupportedInterfaceOrientations_iPhone = "UIInterfaceOrientationPortrait UIInterfaceOrientationLandscapeLeft UIInterfaceOrientationLandscapeRight";
				LD_RUNPATH_SEARCH_PATHS = (
					"$(inherited)",
					"@executable_path/Frameworks",
				);
				MARKETING_VERSION = 1.0;
				PRODUCT_BUNDLE_IDENTIFIER = com.jkozar.VisionText;
				PRODUCT_NAME = "$(TARGET_NAME)";
				SUPPORTS_MACCATALYST = YES;
				SWIFT_EMIT_LOC_STRINGS = YES;
				SWIFT_VERSION = 5.0;
				TARGETED_DEVICE_FAMILY = "1,2,6";
			};
			name = Release;
		};
/* End XCBuildConfiguration section */

/* Begin XCConfigurationList section */
		7F577AC326B50C11001CF53B /* Build configuration list for PBXProject "VisionText" */ = {
			isa = XCConfigurationList;
			buildConfigurations = (
				7F577ADD26B50C12001CF53B /* Debug */,
				7F577ADE26B50C12001CF53B /* Release */,
			);
			defaultConfigurationIsVisible = 0;
			defaultConfigurationName = Release;
		};
		7F577ADF26B50C12001CF53B /* Build configuration list for PBXNativeTarget "VisionText" */ = {
			isa = XCConfigurationList;
			buildConfigurations = (
				7F577AE026B50C12001CF53B /* Debug */,
				7F577AE126B50C12001CF53B /* Release */,
			);
			defaultConfigurationIsVisible = 0;
			defaultConfigurationName = Release;
		};
/* End XCConfigurationList section */

/* Begin XCVersionGroup section */
		7F577AD426B50C11001CF53B /* VisionText.xcdatamodeld */ = {
			isa = XCVersionGroup;
			children = (
				7F577AD526B50C11001CF53B /* VisionText.xcdatamodel */,
			);
			currentVersion = 7F577AD526B50C11001CF53B /* VisionText.xcdatamodel */;
			path = VisionText.xcdatamodeld;
			sourceTree = "<group>";
			versionGroupType = wrapper.xcdatamodel;
		};
/* End XCVersionGroup section */
	};
	rootObject = 7F577AC026B50C11001CF53B /* Project object */;
}
